
Microsoft Visual Studio Solution File, Format Version 12.00
# Visual Studio 15
VisualStudioVersion = 15.0.28010.2026
MinimumVisualStudioVersion = 10.0.40219.1
Project("{FAE04EC0-301F-11D3-BF4B-00C04F79EFBC}") = "TextToSpeechXamarin.Android", "TextToSpeechXamarin\TextToSpeechXamarin.Android\TextToSpeechXamarin.Android.csproj", "{24CE3C36-16B9-426D-AA0C-5961ECF8D88C}"
EndProject
Project("{FAE04EC0-301F-11D3-BF4B-00C04F79EFBC}") = "TextToSpeechXamarin.iOS", "TextToSpeechXamarin\TextToSpeechXamarin.iOS\TextToSpeechXamarin.iOS.csproj", "{81BA5FB6-C0F3-4FB3-99FC-D9460F528805}"
EndProject
Project("{FAE04EC0-301F-11D3-BF4B-00C04F79EFBC}") = "TextToSpeechXamarin.MobileAppService", "TextToSpeechXamarin\TextToSpeechXamarin.MobileAppService\TextToSpeechXamarin.MobileAppService.csproj", "{6161C54E-064F-4FC9-8F6B-327C7626DA25}"
EndProject
Project("{FAE04EC0-301F-11D3-BF4B-00C04F79EFBC}") = "TextToSpeechXamarin", "TextToSpeechXamarin\TextToSpeechXamarin\TextToSpeechXamarin.csproj", "{8FF068DF-8AA2-4233-A3B2-85C6D5845166}"
EndProject
Global
	GlobalSection(SolutionConfigurationPlatforms) = preSolution
		Debug|Any CPU = Debug|Any CPU
		Debug|iPhone = Debug|iPhone
		Debug|iPhoneSimulator = Debug|iPhoneSimulator
		Release|Any CPU = Release|Any CPU
		Release|iPhone = Release|iPhone
		Release|iPhoneSimulator = Release|iPhoneSimulator
	EndGlobalSection
	GlobalSection(ProjectConfigurationPlatforms) = postSolution
		{24CE3C36-16B9-426D-AA0C-5961ECF8D88C}.Debug|Any CPU.ActiveCfg = Debug|Any CPU
		{24CE3C36-16B9-426D-AA0C-5961ECF8D88C}.Debug|Any CPU.Build.0 = Debug|Any CPU
		{24CE3C36-16B9-426D-AA0C-5961ECF8D88C}.Debug|Any CPU.Deploy.0 = Debug|Any CPU
		{24CE3C36-16B9-426D-AA0C-5961ECF8D88C}.Debug|iPhone.ActiveCfg = Debug|Any CPU
		{24CE3C36-16B9-426D-AA0C-5961ECF8D88C}.Debug|iPhone.Build.0 = Debug|Any CPU
		{24CE3C36-16B9-426D-AA0C-5961ECF8D88C}.Debug|iPhone.Deploy.0 = Debug|Any CPU
		{24CE3C36-16B9-426D-AA0C-5961ECF8D88C}.Debug|iPhoneSimulator.ActiveCfg = Debug|Any CPU
		{24CE3C36-16B9-426D-AA0C-5961ECF8D88C}.Debug|iPhoneSimulator.Build.0 = Debug|Any CPU
		{24CE3C36-16B9-426D-AA0C-5961ECF8D88C}.Debug|iPhoneSimulator.Deploy.0 = Debug|Any CPU
		{24CE3C36-16B9-426D-AA0C-5961ECF8D88C}.Release|Any CPU.ActiveCfg = Release|Any CPU
		{24CE3C36-16B9-426D-AA0C-5961ECF8D88C}.Release|Any CPU.Build.0 = Release|Any CPU
		{24CE3C36-16B9-426D-AA0C-5961ECF8D88C}.Release|Any CPU.Deploy.0 = Release|Any CPU
		{24CE3C36-16B9-426D-AA0C-5961ECF8D88C}.Release|iPhone.ActiveCfg = Release|Any CPU
		{24CE3C36-16B9-426D-AA0C-5961ECF8D88C}.Release|iPhone.Build.0 = Release|Any CPU
		{24CE3C36-16B9-426D-AA0C-5961ECF8D88C}.Release|iPhone.Deploy.0 = Release|Any CPU
		{24CE3C36-16B9-426D-AA0C-5961ECF8D88C}.Release|iPhoneSimulator.ActiveCfg = Release|Any CPU
		{24CE3C36-16B9-426D-AA0C-5961ECF8D88C}.Release|iPhoneSimulator.Build.0 = Release|Any CPU
		{24CE3C36-16B9-426D-AA0C-5961ECF8D88C}.Release|iPhoneSimulator.Deploy.0 = Release|Any CPU
		{81BA5FB6-C0F3-4FB3-99FC-D9460F528805}.Debug|Any CPU.ActiveCfg = Debug|iPhoneSimulator
		{81BA5FB6-C0F3-4FB3-99FC-D9460F528805}.Debug|Any CPU.Build.0 = Debug|iPhoneSimulator
		{81BA5FB6-C0F3-4FB3-99FC-D9460F528805}.Debug|Any CPU.Deploy.0 = Debug|iPhoneSimulator
		{81BA5FB6-C0F3-4FB3-99FC-D9460F528805}.Debug|iPhone.ActiveCfg = Debug|iPhone
		{81BA5FB6-C0F3-4FB3-99FC-D9460F528805}.Debug|iPhone.Build.0 = Debug|iPhone
		{81BA5FB6-C0F3-4FB3-99FC-D9460F528805}.Debug|iPhone.Deploy.0 = Debug|iPhone
		{81BA5FB6-C0F3-4FB3-99FC-D9460F528805}.Debug|iPhoneSimulator.ActiveCfg = Debug|iPhoneSimulator
		{81BA5FB6-C0F3-4FB3-99FC-D9460F528805}.Debug|iPhoneSimulator.Build.0 = Debug|iPhoneSimulator
		{81BA5FB6-C0F3-4FB3-99FC-D9460F528805}.Debug|iPhoneSimulator.Deploy.0 = Debug|iPhoneSimulator
		{81BA5FB6-C0F3-4FB3-99FC-D9460F528805}.Release|Any CPU.ActiveCfg = Release|iPhone
		{81BA5FB6-C0F3-4FB3-99FC-D9460F528805}.Release|Any CPU.Build.0 = Release|iPhone
		{81BA5FB6-C0F3-4FB3-99FC-D9460F528805}.Release|Any CPU.Deploy.0 = Release|iPhone
		{81BA5FB6-C0F3-4FB3-99FC-D9460F528805}.Release|iPhone.ActiveCfg = Release|iPhone
		{81BA5FB6-C0F3-4FB3-99FC-D9460F528805}.Release|iPhone.Build.0 = Release|iPhone
		{81BA5FB6-C0F3-4FB3-99FC-D9460F528805}.Release|iPhone.Deploy.0 = Release|iPhone
		{81BA5FB6-C0F3-4FB3-99FC-D9460F528805}.Release|iPhoneSimulator.ActiveCfg = Release|iPhoneSimulator
		{81BA5FB6-C0F3-4FB3-99FC-D9460F528805}.Release|iPhoneSimulator.Build.0 = Release|iPhoneSimulator
		{81BA5FB6-C0F3-4FB3-99FC-D9460F528805}.Release|iPhoneSimulator.Deploy.0 = Release|iPhoneSimulator
		{6161C54E-064F-4FC9-8F6B-327C7626DA25}.Debug|Any CPU.ActiveCfg = Debug|Any CPU
		{6161C54E-064F-4FC9-8F6B-327C7626DA25}.Debug|Any CPU.Build.0 = Debug|Any CPU
		{6161C54E-064F-4FC9-8F6B-327C7626DA25}.Debug|Any CPU.Deploy.0 = Debug|Any CPU
		{6161C54E-064F-4FC9-8F6B-327C7626DA25}.Debug|iPhone.ActiveCfg = Debug|Any CPU
		{6161C54E-064F-4FC9-8F6B-327C7626DA25}.Debug|iPhone.Build.0 = Debug|Any CPU
		{6161C54E-064F-4FC9-8F6B-327C7626DA25}.Debug|iPhone.Deploy.0 = Debug|Any CPU
		{6161C54E-064F-4FC9-8F6B-327C7626DA25}.Debug|iPhoneSimulator.ActiveCfg = Debug|Any CPU
		{6161C54E-064F-4FC9-8F6B-327C7626DA25}.Debug|iPhoneSimulator.Build.0 = Debug|Any CPU
		{6161C54E-064F-4FC9-8F6B-327C7626DA25}.Debug|iPhoneSimulator.Deploy.0 = Debug|Any CPU
		{6161C54E-064F-4FC9-8F6B-327C7626DA25}.Release|Any CPU.ActiveCfg = Release|Any CPU
		{6161C54E-064F-4FC9-8F6B-327C7626DA25}.Release|Any CPU.Build.0 = Release|Any CPU
		{6161C54E-064F-4FC9-8F6B-327C7626DA25}.Release|Any CPU.Deploy.0 = Release|Any CPU
		{6161C54E-064F-4FC9-8F6B-327C7626DA25}.Release|iPhone.ActiveCfg = Release|Any CPU
		{6161C54E-064F-4FC9-8F6B-327C7626DA25}.Release|iPhone.Build.0 = Release|Any CPU
		{6161C54E-064F-4FC9-8F6B-327C7626DA25}.Release|iPhone.Deploy.0 = Release|Any CPU
		{6161C54E-064F-4FC9-8F6B-327C7626DA25}.Release|iPhoneSimulator.ActiveCfg = Release|Any CPU
		{6161C54E-064F-4FC9-8F6B-327C7626DA25}.Release|iPhoneSimulator.Build.0 = Release|Any CPU
		{6161C54E-064F-4FC9-8F6B-327C7626DA25}.Release|iPhoneSimulator.Deploy.0 = Release|Any CPU
		{8FF068DF-8AA2-4233-A3B2-85C6D5845166}.Debug|Any CPU.ActiveCfg = Debug|Any CPU
		{8FF068DF-8AA2-4233-A3B2-85C6D5845166}.Debug|Any CPU.Build.0 = Debug|Any CPU
		{8FF068DF-8AA2-4233-A3B2-85C6D5845166}.Debug|Any CPU.Deploy.0 = Debug|Any CPU
		{8FF068DF-8AA2-4233-A3B2-85C6D5845166}.Debug|iPhone.ActiveCfg = Debug|Any CPU
		{8FF068DF-8AA2-4233-A3B2-85C6D5845166}.Debug|iPhone.Build.0 = Debug|Any CPU
		{8FF068DF-8AA2-4233-A3B2-85C6D5845166}.Debug|iPhone.Deploy.0 = Debug|Any CPU
		{8FF068DF-8AA2-4233-A3B2-85C6D5845166}.Debug|iPhoneSimulator.ActiveCfg = Debug|Any CPU
		{8FF068DF-8AA2-4233-A3B2-85C6D5845166}.Debug|iPhoneSimulator.Build.0 = Debug|Any CPU
		{8FF068DF-8AA2-4233-A3B2-85C6D5845166}.Debug|iPhoneSimulator.Deploy.0 = Debug|Any CPU
		{8FF068DF-8AA2-4233-A3B2-85C6D5845166}.Release|Any CPU.ActiveCfg = Release|Any CPU
		{8FF068DF-8AA2-4233-A3B2-85C6D5845166}.Release|Any CPU.Build.0 = Release|Any CPU
		{8FF068DF-8AA2-4233-A3B2-85C6D5845166}.Release|Any CPU.Deploy.0 = Release|Any CPU
		{8FF068DF-8AA2-4233-A3B2-85C6D5845166}.Release|iPhone.ActiveCfg = Release|Any CPU
		{8FF068DF-8AA2-4233-A3B2-85C6D5845166}.Release|iPhone.Build.0 = Release|Any CPU
		{8FF068DF-8AA2-4233-A3B2-85C6D5845166}.Release|iPhone.Deploy.0 = Release|Any CPU
		{8FF068DF-8AA2-4233-A3B2-85C6D5845166}.Release|iPhoneSimulator.ActiveCfg = Release|Any CPU
		{8FF068DF-8AA2-4233-A3B2-85C6D5845166}.Release|iPhoneSimulator.Build.0 = Release|Any CPU
		{8FF068DF-8AA2-4233-A3B2-85C6D5845166}.Release|iPhoneSimulator.Deploy.0 = Release|Any CPU
	EndGlobalSection
	GlobalSection(SolutionProperties) = preSolution
		HideSolutionNode = FALSE
	EndGlobalSection
	GlobalSection(ExtensibilityGlobals) = postSolution
		SolutionGuid = {4F28B01C-F920-4FFC-875C-A31999E42FF2}
	EndGlobalSection
EndGlobal
